
Microsoft Visual Studio Solution File, Format Version 12.00
# Visual Studio Version 17
VisualStudioVersion = 17.13.35825.156 d17.13
MinimumVisualStudioVersion = 10.0.40219.1
Project("{FAE04EC0-301F-11D3-BF4B-00C04F79EFBC}") = "ChipsDistribution", "ChipsDistribution\ChipsDistribution.csproj", "{EAC62E30-4EBD-4A44-B9F1-2245FDD88786}"
EndProject
Global
	GlobalSection(SolutionConfigurationPlatforms) = preSolution
		Debug|Any CPU = Debug|Any CPU
		Release|Any CPU = Release|Any CPU
	EndGlobalSection
	GlobalSection(ProjectConfigurationPlatforms) = postSolution
		{EAC62E30-4EBD-4A44-B9F1-2245FDD88786}.Debug|Any CPU.ActiveCfg = Debug|Any CPU
		{EAC62E30-4EBD-4A44-B9F1-2245FDD88786}.Debug|Any CPU.Build.0 = Debug|Any CPU
		{EAC62E30-4EBD-4A44-B9F1-2245FDD88786}.Release|Any CPU.ActiveCfg = Release|Any CPU
		{EAC62E30-4EBD-4A44-B9F1-2245FDD88786}.Release|Any CPU.Build.0 = Release|Any CPU
	EndGlobalSection
	GlobalSection(SolutionProperties) = preSolution
		HideSolutionNode = FALSE
	EndGlobalSection
	GlobalSection(ExtensibilityGlobals) = postSolution
		SolutionGuid = {85C1DCB2-D814-4C56-9210-C50F59C3C03D}
	EndGlobalSection
EndGlobal
